
Microsoft Visual Studio Solution File, Format Version 12.00
# Visual Studio Version 17
VisualStudioVersion = 17.5.002.0
MinimumVisualStudioVersion = 10.0.40219.1
Project("{9A19103F-16F7-4668-BE54-9A1E7A4F7556}") = "practica6-Cintia-Alvardo", "practica6-Cintia-Alvardo.csproj", "{2AF52026-649A-4444-8823-731C767CB992}"
EndProject
Global
	GlobalSection(SolutionConfigurationPlatforms) = preSolution
		Debug|Any CPU = Debug|Any CPU
		Release|Any CPU = Release|Any CPU
	EndGlobalSection
	GlobalSection(ProjectConfigurationPlatforms) = postSolution
		{2AF52026-649A-4444-8823-731C767CB992}.Debug|Any CPU.ActiveCfg = Debug|Any CPU
		{2AF52026-649A-4444-8823-731C767CB992}.Debug|Any CPU.Build.0 = Debug|Any CPU
		{2AF52026-649A-4444-8823-731C767CB992}.Release|Any CPU.ActiveCfg = Release|Any CPU
		{2AF52026-649A-4444-8823-731C767CB992}.Release|Any CPU.Build.0 = Release|Any CPU
	EndGlobalSection
	GlobalSection(SolutionProperties) = preSolution
		HideSolutionNode = FALSE
	EndGlobalSection
	GlobalSection(ExtensibilityGlobals) = postSolution
		SolutionGuid = {937137E2-1A46-4C7F-9DD1-48248C2BA19B}
	EndGlobalSection
EndGlobal
